
Microsoft Visual Studio Solution File, Format Version 12.00
# Visual Studio Version 16
VisualStudioVersion = 16.0.29728.190
MinimumVisualStudioVersion = 10.0.40219.1
Project("{FAE04EC0-301F-11D3-BF4B-00C04F79EFBC}") = "A5 - DEMO", "A5 - DEMO\A5 - DEMO.csproj", "{E273FBBA-43E5-453C-AB87-E334704EA547}"
EndProject
Global
	GlobalSection(SolutionConfigurationPlatforms) = preSolution
		Debug|Any CPU = Debug|Any CPU
		Release|Any CPU = Release|Any CPU
	EndGlobalSection
	GlobalSection(ProjectConfigurationPlatforms) = postSolution
		{E273FBBA-43E5-453C-AB87-E334704EA547}.Debug|Any CPU.ActiveCfg = Debug|Any CPU
		{E273FBBA-43E5-453C-AB87-E334704EA547}.Debug|Any CPU.Build.0 = Debug|Any CPU
		{E273FBBA-43E5-453C-AB87-E334704EA547}.Release|Any CPU.ActiveCfg = Release|Any CPU
		{E273FBBA-43E5-453C-AB87-E334704EA547}.Release|Any CPU.Build.0 = Release|Any CPU
	EndGlobalSection
	GlobalSection(SolutionProperties) = preSolution
		HideSolutionNode = FALSE
	EndGlobalSection
	GlobalSection(ExtensibilityGlobals) = postSolution
		SolutionGuid = {E6E1570E-263A-4BC9-AD86-5BAC5071253B}
	EndGlobalSection
EndGlobal
