
Microsoft Visual Studio Solution File, Format Version 12.00
# Visual Studio Version 16
VisualStudioVersion = 16.0.29728.190
MinimumVisualStudioVersion = 10.0.40219.1
Project("{FAE04EC0-301F-11D3-BF4B-00C04F79EFBC}") = "A8 - Demo", "A8 - Demo\A8 - Demo.csproj", "{C2896C9A-7735-40F1-8BF4-1C941B5EA1ED}"
EndProject
Global
	GlobalSection(SolutionConfigurationPlatforms) = preSolution
		Debug|Any CPU = Debug|Any CPU
		Release|Any CPU = Release|Any CPU
	EndGlobalSection
	GlobalSection(ProjectConfigurationPlatforms) = postSolution
		{C2896C9A-7735-40F1-8BF4-1C941B5EA1ED}.Debug|Any CPU.ActiveCfg = Debug|Any CPU
		{C2896C9A-7735-40F1-8BF4-1C941B5EA1ED}.Debug|Any CPU.Build.0 = Debug|Any CPU
		{C2896C9A-7735-40F1-8BF4-1C941B5EA1ED}.Release|Any CPU.ActiveCfg = Release|Any CPU
		{C2896C9A-7735-40F1-8BF4-1C941B5EA1ED}.Release|Any CPU.Build.0 = Release|Any CPU
	EndGlobalSection
	GlobalSection(SolutionProperties) = preSolution
		HideSolutionNode = FALSE
	EndGlobalSection
	GlobalSection(ExtensibilityGlobals) = postSolution
		SolutionGuid = {6FC1635C-DFAC-4A16-A7B3-D09F37A3BDE0}
	EndGlobalSection
EndGlobal
