
Microsoft Visual Studio Solution File, Format Version 12.00
# Visual Studio Version 16
VisualStudioVersion = 16.0.29709.97
MinimumVisualStudioVersion = 10.0.40219.1
Project("{FAE04EC0-301F-11D3-BF4B-00C04F79EFBC}") = "A2 - Exercise", "A2 - Exercise\A2 - Exercise.csproj", "{7D94115C-92B8-4E09-9A5A-3114C8313A23}"
EndProject
Global
	GlobalSection(SolutionConfigurationPlatforms) = preSolution
		Debug|Any CPU = Debug|Any CPU
		Release|Any CPU = Release|Any CPU
	EndGlobalSection
	GlobalSection(ProjectConfigurationPlatforms) = postSolution
		{7D94115C-92B8-4E09-9A5A-3114C8313A23}.Debug|Any CPU.ActiveCfg = Debug|Any CPU
		{7D94115C-92B8-4E09-9A5A-3114C8313A23}.Debug|Any CPU.Build.0 = Debug|Any CPU
		{7D94115C-92B8-4E09-9A5A-3114C8313A23}.Release|Any CPU.ActiveCfg = Release|Any CPU
		{7D94115C-92B8-4E09-9A5A-3114C8313A23}.Release|Any CPU.Build.0 = Release|Any CPU
	EndGlobalSection
	GlobalSection(SolutionProperties) = preSolution
		HideSolutionNode = FALSE
	EndGlobalSection
	GlobalSection(ExtensibilityGlobals) = postSolution
		SolutionGuid = {4D09E377-9ADE-4AA6-ADEA-7AA0F5973EC4}
	EndGlobalSection
EndGlobal
