
Microsoft Visual Studio Solution File, Format Version 12.00
# Visual Studio Version 16
VisualStudioVersion = 16.0.29728.190
MinimumVisualStudioVersion = 10.0.40219.1
Project("{FAE04EC0-301F-11D3-BF4B-00C04F79EFBC}") = "A4 - Exercise", "A4 - Exercise\A4 - Exercise.csproj", "{0CCC0E3A-E58B-4FED-9A8E-404463D3E270}"
EndProject
Global
	GlobalSection(SolutionConfigurationPlatforms) = preSolution
		Debug|Any CPU = Debug|Any CPU
		Release|Any CPU = Release|Any CPU
	EndGlobalSection
	GlobalSection(ProjectConfigurationPlatforms) = postSolution
		{0CCC0E3A-E58B-4FED-9A8E-404463D3E270}.Debug|Any CPU.ActiveCfg = Debug|Any CPU
		{0CCC0E3A-E58B-4FED-9A8E-404463D3E270}.Debug|Any CPU.Build.0 = Debug|Any CPU
		{0CCC0E3A-E58B-4FED-9A8E-404463D3E270}.Release|Any CPU.ActiveCfg = Release|Any CPU
		{0CCC0E3A-E58B-4FED-9A8E-404463D3E270}.Release|Any CPU.Build.0 = Release|Any CPU
	EndGlobalSection
	GlobalSection(SolutionProperties) = preSolution
		HideSolutionNode = FALSE
	EndGlobalSection
	GlobalSection(ExtensibilityGlobals) = postSolution
		SolutionGuid = {2809F331-E257-4CCF-9699-31178D6BDC47}
	EndGlobalSection
EndGlobal
