
Microsoft Visual Studio Solution File, Format Version 12.00
# Visual Studio Version 16
VisualStudioVersion = 16.0.29709.97
MinimumVisualStudioVersion = 10.0.40219.1
Project("{FAE04EC0-301F-11D3-BF4B-00C04F79EFBC}") = "A4 - Exercise", "A4 - Exercise\A4 - Exercise.csproj", "{2957A8FF-A4CA-4186-A48A-48A26AD5A264}"
EndProject
Global
	GlobalSection(SolutionConfigurationPlatforms) = preSolution
		Debug|Any CPU = Debug|Any CPU
		Release|Any CPU = Release|Any CPU
	EndGlobalSection
	GlobalSection(ProjectConfigurationPlatforms) = postSolution
		{2957A8FF-A4CA-4186-A48A-48A26AD5A264}.Debug|Any CPU.ActiveCfg = Debug|Any CPU
		{2957A8FF-A4CA-4186-A48A-48A26AD5A264}.Debug|Any CPU.Build.0 = Debug|Any CPU
		{2957A8FF-A4CA-4186-A48A-48A26AD5A264}.Release|Any CPU.ActiveCfg = Release|Any CPU
		{2957A8FF-A4CA-4186-A48A-48A26AD5A264}.Release|Any CPU.Build.0 = Release|Any CPU
	EndGlobalSection
	GlobalSection(SolutionProperties) = preSolution
		HideSolutionNode = FALSE
	EndGlobalSection
	GlobalSection(ExtensibilityGlobals) = postSolution
		SolutionGuid = {60B144DD-6596-45A2-B47E-639C5E7292B8}
	EndGlobalSection
EndGlobal
